{
  "nodes": {
    "nixpkgs": {
      "locked": {
        "lastModified": 1749811680,
        "narHash": "sha256-gl/NSRy8DuVOCac9YXUW0HFbOsF477nYMv4S8YhgXtk=",
        "owner": "NixOS",
        "repo": "nixpkgs",
        "rev": "54cbe36edebafd18821840d0422346d7c57651eb",
        "type": "github"
      },
      "original": {
        "owner": "NixOS",
        "repo": "nixpkgs",
        "type": "github"
      }
    },
    "root": {
      "inputs": {
        "nixpkgs": "nixpkgs"
      }
    }
  },
  "root": "root",
  "version": 7
}
